
Microsoft Visual Studio Solution File, Format Version 12.00
# Visual Studio Version 17
VisualStudioVersion = 17.14.36603.0 d17.14
MinimumVisualStudioVersion = 10.0.40219.1
Project("{FAE04EC0-301F-11D3-BF4B-00C04F79EFBC}") = "2 ünite Uygulama 9", "2 ünite Uygulama 9\2 ünite Uygulama 9.csproj", "{84715AE6-1764-45FA-9BF1-47FA75421C54}"
EndProject
Global
	GlobalSection(SolutionConfigurationPlatforms) = preSolution
		Debug|Any CPU = Debug|Any CPU
		Release|Any CPU = Release|Any CPU
	EndGlobalSection
	GlobalSection(ProjectConfigurationPlatforms) = postSolution
		{84715AE6-1764-45FA-9BF1-47FA75421C54}.Debug|Any CPU.ActiveCfg = Debug|Any CPU
		{84715AE6-1764-45FA-9BF1-47FA75421C54}.Debug|Any CPU.Build.0 = Debug|Any CPU
		{84715AE6-1764-45FA-9BF1-47FA75421C54}.Release|Any CPU.ActiveCfg = Release|Any CPU
		{84715AE6-1764-45FA-9BF1-47FA75421C54}.Release|Any CPU.Build.0 = Release|Any CPU
	EndGlobalSection
	GlobalSection(SolutionProperties) = preSolution
		HideSolutionNode = FALSE
	EndGlobalSection
	GlobalSection(ExtensibilityGlobals) = postSolution
		SolutionGuid = {2545BD58-057D-4B26-A6DF-7F3437733237}
	EndGlobalSection
EndGlobal
