
Microsoft Visual Studio Solution File, Format Version 12.00
# Visual Studio Version 17
VisualStudioVersion = 17.14.36603.0 d17.14
MinimumVisualStudioVersion = 10.0.40219.1
Project("{FAE04EC0-301F-11D3-BF4B-00C04F79EFBC}") = "2 ünite Uygulama 12", "2 ünite Uygulama 12\2 ünite Uygulama 12.csproj", "{5E85063D-85A5-417C-8FED-22A45B538788}"
EndProject
Global
	GlobalSection(SolutionConfigurationPlatforms) = preSolution
		Debug|Any CPU = Debug|Any CPU
		Release|Any CPU = Release|Any CPU
	EndGlobalSection
	GlobalSection(ProjectConfigurationPlatforms) = postSolution
		{5E85063D-85A5-417C-8FED-22A45B538788}.Debug|Any CPU.ActiveCfg = Debug|Any CPU
		{5E85063D-85A5-417C-8FED-22A45B538788}.Debug|Any CPU.Build.0 = Debug|Any CPU
		{5E85063D-85A5-417C-8FED-22A45B538788}.Release|Any CPU.ActiveCfg = Release|Any CPU
		{5E85063D-85A5-417C-8FED-22A45B538788}.Release|Any CPU.Build.0 = Release|Any CPU
	EndGlobalSection
	GlobalSection(SolutionProperties) = preSolution
		HideSolutionNode = FALSE
	EndGlobalSection
	GlobalSection(ExtensibilityGlobals) = postSolution
		SolutionGuid = {69DA79F3-E7DB-41E3-A5F6-D14482D3227A}
	EndGlobalSection
EndGlobal
