
Microsoft Visual Studio Solution File, Format Version 12.00
# Visual Studio Version 17
VisualStudioVersion = 17.14.36603.0 d17.14
MinimumVisualStudioVersion = 10.0.40219.1
Project("{FAE04EC0-301F-11D3-BF4B-00C04F79EFBC}") = "2 ünite Uygulama 23", "2 ünite Uygulama 23\2 ünite Uygulama 23.csproj", "{1657E65C-5BF1-498D-8F77-90206FC59C25}"
EndProject
Global
	GlobalSection(SolutionConfigurationPlatforms) = preSolution
		Debug|Any CPU = Debug|Any CPU
		Release|Any CPU = Release|Any CPU
	EndGlobalSection
	GlobalSection(ProjectConfigurationPlatforms) = postSolution
		{1657E65C-5BF1-498D-8F77-90206FC59C25}.Debug|Any CPU.ActiveCfg = Debug|Any CPU
		{1657E65C-5BF1-498D-8F77-90206FC59C25}.Debug|Any CPU.Build.0 = Debug|Any CPU
		{1657E65C-5BF1-498D-8F77-90206FC59C25}.Release|Any CPU.ActiveCfg = Release|Any CPU
		{1657E65C-5BF1-498D-8F77-90206FC59C25}.Release|Any CPU.Build.0 = Release|Any CPU
	EndGlobalSection
	GlobalSection(SolutionProperties) = preSolution
		HideSolutionNode = FALSE
	EndGlobalSection
	GlobalSection(ExtensibilityGlobals) = postSolution
		SolutionGuid = {F30DB318-E6CA-4376-8503-F60512C0AD79}
	EndGlobalSection
EndGlobal
