
Microsoft Visual Studio Solution File, Format Version 12.00
# Visual Studio Version 17
VisualStudioVersion = 17.14.36603.0 d17.14
MinimumVisualStudioVersion = 10.0.40219.1
Project("{FAE04EC0-301F-11D3-BF4B-00C04F79EFBC}") = "2 ünite Uygulama 5", "2 ünite Uygulama 5\2 ünite Uygulama 5.csproj", "{D4BA1661-57BC-4E60-9882-0B88697E8248}"
EndProject
Global
	GlobalSection(SolutionConfigurationPlatforms) = preSolution
		Debug|Any CPU = Debug|Any CPU
		Release|Any CPU = Release|Any CPU
	EndGlobalSection
	GlobalSection(ProjectConfigurationPlatforms) = postSolution
		{D4BA1661-57BC-4E60-9882-0B88697E8248}.Debug|Any CPU.ActiveCfg = Debug|Any CPU
		{D4BA1661-57BC-4E60-9882-0B88697E8248}.Debug|Any CPU.Build.0 = Debug|Any CPU
		{D4BA1661-57BC-4E60-9882-0B88697E8248}.Release|Any CPU.ActiveCfg = Release|Any CPU
		{D4BA1661-57BC-4E60-9882-0B88697E8248}.Release|Any CPU.Build.0 = Release|Any CPU
	EndGlobalSection
	GlobalSection(SolutionProperties) = preSolution
		HideSolutionNode = FALSE
	EndGlobalSection
	GlobalSection(ExtensibilityGlobals) = postSolution
		SolutionGuid = {D5DB4EB6-6E59-49F6-839E-41C0A6076723}
	EndGlobalSection
EndGlobal
