
Microsoft Visual Studio Solution File, Format Version 12.00
# Visual Studio Version 17
VisualStudioVersion = 17.14.36603.0 d17.14
MinimumVisualStudioVersion = 10.0.40219.1
Project("{FAE04EC0-301F-11D3-BF4B-00C04F79EFBC}") = "2 ünite Uygulama 11", "2 ünite Uygulama 11\2 ünite Uygulama 11.csproj", "{22D385E2-65DE-476A-AEC2-70CED6153AEB}"
EndProject
Global
	GlobalSection(SolutionConfigurationPlatforms) = preSolution
		Debug|Any CPU = Debug|Any CPU
		Release|Any CPU = Release|Any CPU
	EndGlobalSection
	GlobalSection(ProjectConfigurationPlatforms) = postSolution
		{22D385E2-65DE-476A-AEC2-70CED6153AEB}.Debug|Any CPU.ActiveCfg = Debug|Any CPU
		{22D385E2-65DE-476A-AEC2-70CED6153AEB}.Debug|Any CPU.Build.0 = Debug|Any CPU
		{22D385E2-65DE-476A-AEC2-70CED6153AEB}.Release|Any CPU.ActiveCfg = Release|Any CPU
		{22D385E2-65DE-476A-AEC2-70CED6153AEB}.Release|Any CPU.Build.0 = Release|Any CPU
	EndGlobalSection
	GlobalSection(SolutionProperties) = preSolution
		HideSolutionNode = FALSE
	EndGlobalSection
	GlobalSection(ExtensibilityGlobals) = postSolution
		SolutionGuid = {86F3C48F-774E-41B8-ADD1-C7FD4845C94F}
	EndGlobalSection
EndGlobal
