
Microsoft Visual Studio Solution File, Format Version 12.00
# Visual Studio Version 17
VisualStudioVersion = 17.14.36603.0 d17.14
MinimumVisualStudioVersion = 10.0.40219.1
Project("{FAE04EC0-301F-11D3-BF4B-00C04F79EFBC}") = "2 ünite Uygulama 16", "2 ünite Uygulama 16\2 ünite Uygulama 16.csproj", "{950A3A5A-DE99-43B3-BAB3-04DBF44ECE69}"
EndProject
Global
	GlobalSection(SolutionConfigurationPlatforms) = preSolution
		Debug|Any CPU = Debug|Any CPU
		Release|Any CPU = Release|Any CPU
	EndGlobalSection
	GlobalSection(ProjectConfigurationPlatforms) = postSolution
		{950A3A5A-DE99-43B3-BAB3-04DBF44ECE69}.Debug|Any CPU.ActiveCfg = Debug|Any CPU
		{950A3A5A-DE99-43B3-BAB3-04DBF44ECE69}.Debug|Any CPU.Build.0 = Debug|Any CPU
		{950A3A5A-DE99-43B3-BAB3-04DBF44ECE69}.Release|Any CPU.ActiveCfg = Release|Any CPU
		{950A3A5A-DE99-43B3-BAB3-04DBF44ECE69}.Release|Any CPU.Build.0 = Release|Any CPU
	EndGlobalSection
	GlobalSection(SolutionProperties) = preSolution
		HideSolutionNode = FALSE
	EndGlobalSection
	GlobalSection(ExtensibilityGlobals) = postSolution
		SolutionGuid = {BDA85706-C4D3-4333-BA37-B6E3B2DCA52F}
	EndGlobalSection
EndGlobal
