
Microsoft Visual Studio Solution File, Format Version 12.00
# Visual Studio Version 17
VisualStudioVersion = 17.14.36603.0 d17.14
MinimumVisualStudioVersion = 10.0.40219.1
Project("{FAE04EC0-301F-11D3-BF4B-00C04F79EFBC}") = "2 ünite Uygulama 31", "2 ünite Uygulama 31\2 ünite Uygulama 31.csproj", "{FFE88EAC-6A5A-4B32-B559-A02204936AF6}"
EndProject
Global
	GlobalSection(SolutionConfigurationPlatforms) = preSolution
		Debug|Any CPU = Debug|Any CPU
		Release|Any CPU = Release|Any CPU
	EndGlobalSection
	GlobalSection(ProjectConfigurationPlatforms) = postSolution
		{FFE88EAC-6A5A-4B32-B559-A02204936AF6}.Debug|Any CPU.ActiveCfg = Debug|Any CPU
		{FFE88EAC-6A5A-4B32-B559-A02204936AF6}.Debug|Any CPU.Build.0 = Debug|Any CPU
		{FFE88EAC-6A5A-4B32-B559-A02204936AF6}.Release|Any CPU.ActiveCfg = Release|Any CPU
		{FFE88EAC-6A5A-4B32-B559-A02204936AF6}.Release|Any CPU.Build.0 = Release|Any CPU
	EndGlobalSection
	GlobalSection(SolutionProperties) = preSolution
		HideSolutionNode = FALSE
	EndGlobalSection
	GlobalSection(ExtensibilityGlobals) = postSolution
		SolutionGuid = {34F6BDA7-E59D-4ACD-A08F-8700CFACA901}
	EndGlobalSection
EndGlobal
