
Microsoft Visual Studio Solution File, Format Version 12.00
# Visual Studio Version 17
VisualStudioVersion = 17.14.36603.0 d17.14
MinimumVisualStudioVersion = 10.0.40219.1
Project("{FAE04EC0-301F-11D3-BF4B-00C04F79EFBC}") = "2 ünite Uygulama 24", "2 ünite Uygulama 24\2 ünite Uygulama 24.csproj", "{D92236B2-FC95-45FC-8D5A-46C573D2C18C}"
EndProject
Global
	GlobalSection(SolutionConfigurationPlatforms) = preSolution
		Debug|Any CPU = Debug|Any CPU
		Release|Any CPU = Release|Any CPU
	EndGlobalSection
	GlobalSection(ProjectConfigurationPlatforms) = postSolution
		{D92236B2-FC95-45FC-8D5A-46C573D2C18C}.Debug|Any CPU.ActiveCfg = Debug|Any CPU
		{D92236B2-FC95-45FC-8D5A-46C573D2C18C}.Debug|Any CPU.Build.0 = Debug|Any CPU
		{D92236B2-FC95-45FC-8D5A-46C573D2C18C}.Release|Any CPU.ActiveCfg = Release|Any CPU
		{D92236B2-FC95-45FC-8D5A-46C573D2C18C}.Release|Any CPU.Build.0 = Release|Any CPU
	EndGlobalSection
	GlobalSection(SolutionProperties) = preSolution
		HideSolutionNode = FALSE
	EndGlobalSection
	GlobalSection(ExtensibilityGlobals) = postSolution
		SolutionGuid = {E100A73B-452C-49DD-830C-229E6B3D3A7E}
	EndGlobalSection
EndGlobal
