
Microsoft Visual Studio Solution File, Format Version 12.00
# Visual Studio Version 17
VisualStudioVersion = 17.14.36603.0 d17.14
MinimumVisualStudioVersion = 10.0.40219.1
Project("{FAE04EC0-301F-11D3-BF4B-00C04F79EFBC}") = "2 ünite 14 Uygulama", "2 ünite 14 Uygulama\2 ünite 14 Uygulama.csproj", "{0A2E5B34-1B95-400A-BB21-040174229E3D}"
EndProject
Global
	GlobalSection(SolutionConfigurationPlatforms) = preSolution
		Debug|Any CPU = Debug|Any CPU
		Release|Any CPU = Release|Any CPU
	EndGlobalSection
	GlobalSection(ProjectConfigurationPlatforms) = postSolution
		{0A2E5B34-1B95-400A-BB21-040174229E3D}.Debug|Any CPU.ActiveCfg = Debug|Any CPU
		{0A2E5B34-1B95-400A-BB21-040174229E3D}.Debug|Any CPU.Build.0 = Debug|Any CPU
		{0A2E5B34-1B95-400A-BB21-040174229E3D}.Release|Any CPU.ActiveCfg = Release|Any CPU
		{0A2E5B34-1B95-400A-BB21-040174229E3D}.Release|Any CPU.Build.0 = Release|Any CPU
	EndGlobalSection
	GlobalSection(SolutionProperties) = preSolution
		HideSolutionNode = FALSE
	EndGlobalSection
	GlobalSection(ExtensibilityGlobals) = postSolution
		SolutionGuid = {0BA9A056-83CF-46B7-8A71-CAE756509F45}
	EndGlobalSection
EndGlobal
