
Microsoft Visual Studio Solution File, Format Version 12.00
# Visual Studio Version 17
VisualStudioVersion = 17.14.36518.9 d17.14
MinimumVisualStudioVersion = 10.0.40219.1
Project("{FAE04EC0-301F-11D3-BF4B-00C04F79EFBC}") = "Uygulama7", "Uygulama7\Uygulama7.csproj", "{810D2FC8-025C-4C0E-8193-B320F0CC8ABE}"
EndProject
Global
	GlobalSection(SolutionConfigurationPlatforms) = preSolution
		Debug|Any CPU = Debug|Any CPU
		Release|Any CPU = Release|Any CPU
	EndGlobalSection
	GlobalSection(ProjectConfigurationPlatforms) = postSolution
		{810D2FC8-025C-4C0E-8193-B320F0CC8ABE}.Debug|Any CPU.ActiveCfg = Debug|Any CPU
		{810D2FC8-025C-4C0E-8193-B320F0CC8ABE}.Debug|Any CPU.Build.0 = Debug|Any CPU
		{810D2FC8-025C-4C0E-8193-B320F0CC8ABE}.Release|Any CPU.ActiveCfg = Release|Any CPU
		{810D2FC8-025C-4C0E-8193-B320F0CC8ABE}.Release|Any CPU.Build.0 = Release|Any CPU
	EndGlobalSection
	GlobalSection(SolutionProperties) = preSolution
		HideSolutionNode = FALSE
	EndGlobalSection
	GlobalSection(ExtensibilityGlobals) = postSolution
		SolutionGuid = {35C5E222-4ECD-47E2-9E1C-0967B155B7CA}
	EndGlobalSection
EndGlobal
