
Microsoft Visual Studio Solution File, Format Version 12.00
# Visual Studio Version 17
VisualStudioVersion = 17.14.36518.9 d17.14
MinimumVisualStudioVersion = 10.0.40219.1
Project("{FAE04EC0-301F-11D3-BF4B-00C04F79EFBC}") = "Uygulama12", "Uygulama12\Uygulama12.csproj", "{5ADD6979-604B-49B1-AD88-2213A2122500}"
EndProject
Global
	GlobalSection(SolutionConfigurationPlatforms) = preSolution
		Debug|Any CPU = Debug|Any CPU
		Release|Any CPU = Release|Any CPU
	EndGlobalSection
	GlobalSection(ProjectConfigurationPlatforms) = postSolution
		{5ADD6979-604B-49B1-AD88-2213A2122500}.Debug|Any CPU.ActiveCfg = Debug|Any CPU
		{5ADD6979-604B-49B1-AD88-2213A2122500}.Debug|Any CPU.Build.0 = Debug|Any CPU
		{5ADD6979-604B-49B1-AD88-2213A2122500}.Release|Any CPU.ActiveCfg = Release|Any CPU
		{5ADD6979-604B-49B1-AD88-2213A2122500}.Release|Any CPU.Build.0 = Release|Any CPU
	EndGlobalSection
	GlobalSection(SolutionProperties) = preSolution
		HideSolutionNode = FALSE
	EndGlobalSection
	GlobalSection(ExtensibilityGlobals) = postSolution
		SolutionGuid = {5B26E697-DA5D-4313-90A9-53F07C29DE48}
	EndGlobalSection
EndGlobal
