
Microsoft Visual Studio Solution File, Format Version 12.00
# Visual Studio Version 17
VisualStudioVersion = 17.14.36518.9 d17.14
MinimumVisualStudioVersion = 10.0.40219.1
Project("{FAE04EC0-301F-11D3-BF4B-00C04F79EFBC}") = "Uygulama8", "Uygulama8\Uygulama8.csproj", "{3083A1A7-6F49-42F8-A39D-1114B8914E6E}"
EndProject
Global
	GlobalSection(SolutionConfigurationPlatforms) = preSolution
		Debug|Any CPU = Debug|Any CPU
		Release|Any CPU = Release|Any CPU
	EndGlobalSection
	GlobalSection(ProjectConfigurationPlatforms) = postSolution
		{3083A1A7-6F49-42F8-A39D-1114B8914E6E}.Debug|Any CPU.ActiveCfg = Debug|Any CPU
		{3083A1A7-6F49-42F8-A39D-1114B8914E6E}.Debug|Any CPU.Build.0 = Debug|Any CPU
		{3083A1A7-6F49-42F8-A39D-1114B8914E6E}.Release|Any CPU.ActiveCfg = Release|Any CPU
		{3083A1A7-6F49-42F8-A39D-1114B8914E6E}.Release|Any CPU.Build.0 = Release|Any CPU
	EndGlobalSection
	GlobalSection(SolutionProperties) = preSolution
		HideSolutionNode = FALSE
	EndGlobalSection
	GlobalSection(ExtensibilityGlobals) = postSolution
		SolutionGuid = {A20A86E6-7022-4995-8E9A-6080D479D822}
	EndGlobalSection
EndGlobal
