
Microsoft Visual Studio Solution File, Format Version 12.00
# Visual Studio Version 17
VisualStudioVersion = 17.14.36603.0 d17.14
MinimumVisualStudioVersion = 10.0.40219.1
Project("{FAE04EC0-301F-11D3-BF4B-00C04F79EFBC}") = "Uygulama15", "Uygulama15\Uygulama15.csproj", "{B099E032-41BE-4F30-9EE5-2318C2512DAF}"
EndProject
Global
	GlobalSection(SolutionConfigurationPlatforms) = preSolution
		Debug|Any CPU = Debug|Any CPU
		Release|Any CPU = Release|Any CPU
	EndGlobalSection
	GlobalSection(ProjectConfigurationPlatforms) = postSolution
		{B099E032-41BE-4F30-9EE5-2318C2512DAF}.Debug|Any CPU.ActiveCfg = Debug|Any CPU
		{B099E032-41BE-4F30-9EE5-2318C2512DAF}.Debug|Any CPU.Build.0 = Debug|Any CPU
		{B099E032-41BE-4F30-9EE5-2318C2512DAF}.Release|Any CPU.ActiveCfg = Release|Any CPU
		{B099E032-41BE-4F30-9EE5-2318C2512DAF}.Release|Any CPU.Build.0 = Release|Any CPU
	EndGlobalSection
	GlobalSection(SolutionProperties) = preSolution
		HideSolutionNode = FALSE
	EndGlobalSection
	GlobalSection(ExtensibilityGlobals) = postSolution
		SolutionGuid = {D092AED5-2AED-47F1-9915-F771BCEF91B3}
	EndGlobalSection
EndGlobal
