
Microsoft Visual Studio Solution File, Format Version 12.00
# Visual Studio Version 17
VisualStudioVersion = 17.14.36518.9 d17.14
MinimumVisualStudioVersion = 10.0.40219.1
Project("{FAE04EC0-301F-11D3-BF4B-00C04F79EFBC}") = "Uygulama11", "Uygulama11\Uygulama11.csproj", "{69008C5A-BBC4-4D75-8A91-E2487551A605}"
EndProject
Global
	GlobalSection(SolutionConfigurationPlatforms) = preSolution
		Debug|Any CPU = Debug|Any CPU
		Release|Any CPU = Release|Any CPU
	EndGlobalSection
	GlobalSection(ProjectConfigurationPlatforms) = postSolution
		{69008C5A-BBC4-4D75-8A91-E2487551A605}.Debug|Any CPU.ActiveCfg = Debug|Any CPU
		{69008C5A-BBC4-4D75-8A91-E2487551A605}.Debug|Any CPU.Build.0 = Debug|Any CPU
		{69008C5A-BBC4-4D75-8A91-E2487551A605}.Release|Any CPU.ActiveCfg = Release|Any CPU
		{69008C5A-BBC4-4D75-8A91-E2487551A605}.Release|Any CPU.Build.0 = Release|Any CPU
	EndGlobalSection
	GlobalSection(SolutionProperties) = preSolution
		HideSolutionNode = FALSE
	EndGlobalSection
	GlobalSection(ExtensibilityGlobals) = postSolution
		SolutionGuid = {87CE7FDC-B94C-4C87-80DE-702B850832A3}
	EndGlobalSection
EndGlobal
